// !$*UTF8*$!
{
	archiveVersion = 1;
	classes = {
	};
	objectVersion = 46;
	objects = {

/* Begin PBXBuildFile section */
		95215AEA1F77D5AB00F1CABF /* MoreInfoTableViewCell.swift in Sources */ = {isa = PBXBuildFile; fileRef = 95215AE81F77D5AB00F1CABF /* MoreInfoTableViewCell.swift */; };
		95215AEB1F77D5AB00F1CABF /* MoreInfoTableViewCell.xib in Resources */ = {isa = PBXBuildFile; fileRef = 95215AE91F77D5AB00F1CABF /* MoreInfoTableViewCell.xib */; };
		9523E8D11F66D516000DC924 /* AppDelegate.swift in Sources */ = {isa = PBXBuildFile; fileRef = 9523E8D01F66D516000DC924 /* AppDelegate.swift */; };
		9523E8D31F66D516000DC924 /* ViewController.swift in Sources */ = {isa = PBXBuildFile; fileRef = 9523E8D21F66D516000DC924 /* ViewController.swift */; };
		9523E8D61F66D516000DC924 /* Main.storyboard in Resources */ = {isa = PBXBuildFile; fileRef = 9523E8D41F66D516000DC924 /* Main.storyboard */; };
		9523E8D81F66D516000DC924 /* Assets.xcassets in Resources */ = {isa = PBXBuildFile; fileRef = 9523E8D71F66D516000DC924 /* Assets.xcassets */; };
		9523E8DB1F66D516000DC924 /* LaunchScreen.storyboard in Resources */ = {isa = PBXBuildFile; fileRef = 9523E8D91F66D516000DC924 /* LaunchScreen.storyboard */; };
		953E593A1F7438EF00418F1F /* InformationAboutUserTableViewController.swift in Sources */ = {isa = PBXBuildFile; fileRef = 953E59391F7438EF00418F1F /* InformationAboutUserTableViewController.swift */; };
		953E593D1F75510600418F1F /* StatusTableViewCell.swift in Sources */ = {isa = PBXBuildFile; fileRef = 953E593B1F75510600418F1F /* StatusTableViewCell.swift */; };
		953E593E1F75510600418F1F /* StatusTableViewCell.xib in Resources */ = {isa = PBXBuildFile; fileRef = 953E593C1F75510600418F1F /* StatusTableViewCell.xib */; };
		953E59411F75A77E00418F1F /* MainInfoTableViewCell.swift in Sources */ = {isa = PBXBuildFile; fileRef = 953E593F1F75A77E00418F1F /* MainInfoTableViewCell.swift */; };
		953E59421F75A77E00418F1F /* MainInfoTableViewCell.xib in Resources */ = {isa = PBXBuildFile; fileRef = 953E59401F75A77E00418F1F /* MainInfoTableViewCell.xib */; };
		953E59451F76E0A600418F1F /* ContactsTableViewCell.swift in Sources */ = {isa = PBXBuildFile; fileRef = 953E59431F76E0A600418F1F /* ContactsTableViewCell.swift */; };
		953E59461F76E0A600418F1F /* ContactsTableViewCell.xib in Resources */ = {isa = PBXBuildFile; fileRef = 953E59441F76E0A600418F1F /* ContactsTableViewCell.xib */; };
		953E59491F76FF0000418F1F /* CarierTableViewCell.swift in Sources */ = {isa = PBXBuildFile; fileRef = 953E59471F76FF0000418F1F /* CarierTableViewCell.swift */; };
		953E594A1F76FF0000418F1F /* CarierTableViewCell.xib in Resources */ = {isa = PBXBuildFile; fileRef = 953E59481F76FF0000418F1F /* CarierTableViewCell.xib */; };
		953E594E1F77170200418F1F /* EducationTableViewCell.swift in Sources */ = {isa = PBXBuildFile; fileRef = 953E594C1F77170200418F1F /* EducationTableViewCell.swift */; };
		953E594F1F77170200418F1F /* EducationTableViewCell.xib in Resources */ = {isa = PBXBuildFile; fileRef = 953E594D1F77170200418F1F /* EducationTableViewCell.xib */; };
		953E59521F77C8FE00418F1F /* GiftsTableViewCell.swift in Sources */ = {isa = PBXBuildFile; fileRef = 953E59501F77C8FE00418F1F /* GiftsTableViewCell.swift */; };
		953E59531F77C8FE00418F1F /* GiftsTableViewCell.xib in Resources */ = {isa = PBXBuildFile; fileRef = 953E59511F77C8FE00418F1F /* GiftsTableViewCell.xib */; };
		954445AD1F786810000C1F5E /* InformationViewModelItemType.swift in Sources */ = {isa = PBXBuildFile; fileRef = 954445AC1F786810000C1F5E /* InformationViewModelItemType.swift */; };
		954445AF1F786836000C1F5E /* InformationViewModelStatusItem.swift in Sources */ = {isa = PBXBuildFile; fileRef = 954445AE1F786836000C1F5E /* InformationViewModelStatusItem.swift */; };
		954445B21F7868C8000C1F5E /* InformationViewModelMainInfoItem.swift in Sources */ = {isa = PBXBuildFile; fileRef = 954445B11F7868C8000C1F5E /* InformationViewModelMainInfoItem.swift */; };
		954445B41F7868F9000C1F5E /* InformationViewModelContactsItem.swift in Sources */ = {isa = PBXBuildFile; fileRef = 954445B31F7868F9000C1F5E /* InformationViewModelContactsItem.swift */; };
		954445B61F786930000C1F5E /* InformationViewModelCarierItem.swift in Sources */ = {isa = PBXBuildFile; fileRef = 954445B51F786930000C1F5E /* InformationViewModelCarierItem.swift */; };
		954445B81F786956000C1F5E /* InformationViewModelEducationItem.swift in Sources */ = {isa = PBXBuildFile; fileRef = 954445B71F786956000C1F5E /* InformationViewModelEducationItem.swift */; };
		954445BA1F786987000C1F5E /* InformationViewModelGiftsItem.swift in Sources */ = {isa = PBXBuildFile; fileRef = 954445B91F786987000C1F5E /* InformationViewModelGiftsItem.swift */; };
		954445BC1F7869A4000C1F5E /* InformationViewModelMoreInfoItem.swift in Sources */ = {isa = PBXBuildFile; fileRef = 954445BB1F7869A4000C1F5E /* InformationViewModelMoreInfoItem.swift */; };
		956B69881F78628E006B6364 /* ViewExtensions.swift in Sources */ = {isa = PBXBuildFile; fileRef = 956B69871F78628E006B6364 /* ViewExtensions.swift */; };
		95CC0C011F7014A300331F8A /* FollowersTableViewController.swift in Sources */ = {isa = PBXBuildFile; fileRef = 95CC0C001F7014A300331F8A /* FollowersTableViewController.swift */; };
		95CC0C041F7014E900331F8A /* FollowerTableViewCell.swift in Sources */ = {isa = PBXBuildFile; fileRef = 95CC0C021F7014E900331F8A /* FollowerTableViewCell.swift */; };
		95CC0C051F7014E900331F8A /* FollowerTableViewCell.xib in Resources */ = {isa = PBXBuildFile; fileRef = 95CC0C031F7014E900331F8A /* FollowerTableViewCell.xib */; };
		95E6FB781F7951340056C7F7 /* Contacts.swift in Sources */ = {isa = PBXBuildFile; fileRef = 95E6FB771F7951340056C7F7 /* Contacts.swift */; };
		95E6FB7A1F79516A0056C7F7 /* MainInfo.swift in Sources */ = {isa = PBXBuildFile; fileRef = 95E6FB791F79516A0056C7F7 /* MainInfo.swift */; };
		95E6FB7C1F79518B0056C7F7 /* EducationalEstablishments.swift in Sources */ = {isa = PBXBuildFile; fileRef = 95E6FB7B1F79518B0056C7F7 /* EducationalEstablishments.swift */; };
		95E6FB7E1F7951A90056C7F7 /* MoreInfo.swift in Sources */ = {isa = PBXBuildFile; fileRef = 95E6FB7D1F7951A90056C7F7 /* MoreInfo.swift */; };
		95F610591F786716001F71A4 /* InformationViewModelItem.swift in Sources */ = {isa = PBXBuildFile; fileRef = 95F610581F786716001F71A4 /* InformationViewModelItem.swift */; };
/* End PBXBuildFile section */

/* Begin PBXFileReference section */
		95215AE81F77D5AB00F1CABF /* MoreInfoTableViewCell.swift */ = {isa = PBXFileReference; lastKnownFileType = sourcecode.swift; path = MoreInfoTableViewCell.swift; sourceTree = "<group>"; };
		95215AE91F77D5AB00F1CABF /* MoreInfoTableViewCell.xib */ = {isa = PBXFileReference; lastKnownFileType = file.xib; path = MoreInfoTableViewCell.xib; sourceTree = "<group>"; };
		9523E8CD1F66D516000DC924 /* VKDesign(11September).app */ = {isa = PBXFileReference; explicitFileType = wrapper.application; includeInIndex = 0; path = "VKDesign(11September).app"; sourceTree = BUILT_PRODUCTS_DIR; };
		9523E8D01F66D516000DC924 /* AppDelegate.swift */ = {isa = PBXFileReference; lastKnownFileType = sourcecode.swift; path = AppDelegate.swift; sourceTree = "<group>"; };
		9523E8D21F66D516000DC924 /* ViewController.swift */ = {isa = PBXFileReference; lastKnownFileType = sourcecode.swift; path = ViewController.swift; sourceTree = "<group>"; };
		9523E8D51F66D516000DC924 /* Base */ = {isa = PBXFileReference; lastKnownFileType = file.storyboard; name = Base; path = Base.lproj/Main.storyboard; sourceTree = "<group>"; };
		9523E8D71F66D516000DC924 /* Assets.xcassets */ = {isa = PBXFileReference; lastKnownFileType = folder.assetcatalog; path = Assets.xcassets; sourceTree = "<group>"; };
		9523E8DA1F66D516000DC924 /* Base */ = {isa = PBXFileReference; lastKnownFileType = file.storyboard; name = Base; path = Base.lproj/LaunchScreen.storyboard; sourceTree = "<group>"; };
		9523E8DC1F66D516000DC924 /* Info.plist */ = {isa = PBXFileReference; lastKnownFileType = text.plist.xml; path = Info.plist; sourceTree = "<group>"; };
		953E59391F7438EF00418F1F /* InformationAboutUserTableViewController.swift */ = {isa = PBXFileReference; lastKnownFileType = sourcecode.swift; path = InformationAboutUserTableViewController.swift; sourceTree = "<group>"; };
		953E593B1F75510600418F1F /* StatusTableViewCell.swift */ = {isa = PBXFileReference; lastKnownFileType = sourcecode.swift; path = StatusTableViewCell.swift; sourceTree = "<group>"; };
		953E593C1F75510600418F1F /* StatusTableViewCell.xib */ = {isa = PBXFileReference; lastKnownFileType = file.xib; path = StatusTableViewCell.xib; sourceTree = "<group>"; };
		953E593F1F75A77E00418F1F /* MainInfoTableViewCell.swift */ = {isa = PBXFileReference; lastKnownFileType = sourcecode.swift; path = MainInfoTableViewCell.swift; sourceTree = "<group>"; };
		953E59401F75A77E00418F1F /* MainInfoTableViewCell.xib */ = {isa = PBXFileReference; lastKnownFileType = file.xib; path = MainInfoTableViewCell.xib; sourceTree = "<group>"; };
		953E59431F76E0A600418F1F /* ContactsTableViewCell.swift */ = {isa = PBXFileReference; lastKnownFileType = sourcecode.swift; path = ContactsTableViewCell.swift; sourceTree = "<group>"; };
		953E59441F76E0A600418F1F /* ContactsTableViewCell.xib */ = {isa = PBXFileReference; lastKnownFileType = file.xib; path = ContactsTableViewCell.xib; sourceTree = "<group>"; };
		953E59471F76FF0000418F1F /* CarierTableViewCell.swift */ = {isa = PBXFileReference; lastKnownFileType = sourcecode.swift; path = CarierTableViewCell.swift; sourceTree = "<group>"; };
		953E59481F76FF0000418F1F /* CarierTableViewCell.xib */ = {isa = PBXFileReference; lastKnownFileType = file.xib; path = CarierTableViewCell.xib; sourceTree = "<group>"; };
		953E594C1F77170200418F1F /* EducationTableViewCell.swift */ = {isa = PBXFileReference; lastKnownFileType = sourcecode.swift; path = EducationTableViewCell.swift; sourceTree = "<group>"; };
		953E594D1F77170200418F1F /* EducationTableViewCell.xib */ = {isa = PBXFileReference; lastKnownFileType = file.xib; path = EducationTableViewCell.xib; sourceTree = "<group>"; };
		953E59501F77C8FE00418F1F /* GiftsTableViewCell.swift */ = {isa = PBXFileReference; lastKnownFileType = sourcecode.swift; path = GiftsTableViewCell.swift; sourceTree = "<group>"; };
		953E59511F77C8FE00418F1F /* GiftsTableViewCell.xib */ = {isa = PBXFileReference; lastKnownFileType = file.xib; path = GiftsTableViewCell.xib; sourceTree = "<group>"; };
		954445AC1F786810000C1F5E /* InformationViewModelItemType.swift */ = {isa = PBXFileReference; lastKnownFileType = sourcecode.swift; path = InformationViewModelItemType.swift; sourceTree = "<group>"; };
		954445AE1F786836000C1F5E /* InformationViewModelStatusItem.swift */ = {isa = PBXFileReference; lastKnownFileType = sourcecode.swift; path = InformationViewModelStatusItem.swift; sourceTree = "<group>"; };
		954445B11F7868C8000C1F5E /* InformationViewModelMainInfoItem.swift */ = {isa = PBXFileReference; lastKnownFileType = sourcecode.swift; path = InformationViewModelMainInfoItem.swift; sourceTree = "<group>"; };
		954445B31F7868F9000C1F5E /* InformationViewModelContactsItem.swift */ = {isa = PBXFileReference; lastKnownFileType = sourcecode.swift; path = InformationViewModelContactsItem.swift; sourceTree = "<group>"; };
		954445B51F786930000C1F5E /* InformationViewModelCarierItem.swift */ = {isa = PBXFileReference; lastKnownFileType = sourcecode.swift; path = InformationViewModelCarierItem.swift; sourceTree = "<group>"; };
		954445B71F786956000C1F5E /* InformationViewModelEducationItem.swift */ = {isa = PBXFileReference; lastKnownFileType = sourcecode.swift; path = InformationViewModelEducationItem.swift; sourceTree = "<group>"; };
		954445B91F786987000C1F5E /* InformationViewModelGiftsItem.swift */ = {isa = PBXFileReference; lastKnownFileType = sourcecode.swift; path = InformationViewModelGiftsItem.swift; sourceTree = "<group>"; };
		954445BB1F7869A4000C1F5E /* InformationViewModelMoreInfoItem.swift */ = {isa = PBXFileReference; lastKnownFileType = sourcecode.swift; path = InformationViewModelMoreInfoItem.swift; sourceTree = "<group>"; };
		956B69871F78628E006B6364 /* ViewExtensions.swift */ = {isa = PBXFileReference; lastKnownFileType = sourcecode.swift; name = ViewExtensions.swift; path = ../ViewExtensions.swift; sourceTree = "<group>"; };
		95CC0C001F7014A300331F8A /* FollowersTableViewController.swift */ = {isa = PBXFileReference; fileEncoding = 4; lastKnownFileType = sourcecode.swift; path = FollowersTableViewController.swift; sourceTree = "<group>"; };
		95CC0C021F7014E900331F8A /* FollowerTableViewCell.swift */ = {isa = PBXFileReference; fileEncoding = 4; lastKnownFileType = sourcecode.swift; path = FollowerTableViewCell.swift; sourceTree = "<group>"; };
		95CC0C031F7014E900331F8A /* FollowerTableViewCell.xib */ = {isa = PBXFileReference; fileEncoding = 4; lastKnownFileType = file.xib; path = FollowerTableViewCell.xib; sourceTree = "<group>"; };
		95E6FB771F7951340056C7F7 /* Contacts.swift */ = {isa = PBXFileReference; lastKnownFileType = sourcecode.swift; path = Contacts.swift; sourceTree = "<group>"; };
		95E6FB791F79516A0056C7F7 /* MainInfo.swift */ = {isa = PBXFileReference; lastKnownFileType = sourcecode.swift; path = MainInfo.swift; sourceTree = "<group>"; };
		95E6FB7B1F79518B0056C7F7 /* EducationalEstablishments.swift */ = {isa = PBXFileReference; lastKnownFileType = sourcecode.swift; path = EducationalEstablishments.swift; sourceTree = "<group>"; };
		95E6FB7D1F7951A90056C7F7 /* MoreInfo.swift */ = {isa = PBXFileReference; lastKnownFileType = sourcecode.swift; path = MoreInfo.swift; sourceTree = "<group>"; };
		95F610581F786716001F71A4 /* InformationViewModelItem.swift */ = {isa = PBXFileReference; lastKnownFileType = sourcecode.swift; path = InformationViewModelItem.swift; sourceTree = "<group>"; };
/* End PBXFileReference section */

/* Begin PBXFrameworksBuildPhase section */
		9523E8CA1F66D516000DC924 /* Frameworks */ = {
			isa = PBXFrameworksBuildPhase;
			buildActionMask = 2147483647;
			files = (
			);
			runOnlyForDeploymentPostprocessing = 0;
		};
/* End PBXFrameworksBuildPhase section */

/* Begin PBXGroup section */
		9523E8C41F66D516000DC924 = {
			isa = PBXGroup;
			children = (
				9523E8CF1F66D516000DC924 /* VKDesign(11September) */,
				9523E8CE1F66D516000DC924 /* Products */,
			);
			sourceTree = "<group>";
		};
		9523E8CE1F66D516000DC924 /* Products */ = {
			isa = PBXGroup;
			children = (
				9523E8CD1F66D516000DC924 /* VKDesign(11September).app */,
			);
			name = Products;
			sourceTree = "<group>";
		};
		9523E8CF1F66D516000DC924 /* VKDesign(11September) */ = {
			isa = PBXGroup;
			children = (
				95F610551F7866B7001F71A4 /* Models */,
				95F610541F786693001F71A4 /* ViewControllers */,
				95F610531F786654001F71A4 /* CustomCells */,
				956B69891F786395006B6364 /* Extensions */,
				9523E8D01F66D516000DC924 /* AppDelegate.swift */,
				9523E8D41F66D516000DC924 /* Main.storyboard */,
				9523E8D71F66D516000DC924 /* Assets.xcassets */,
				9523E8D91F66D516000DC924 /* LaunchScreen.storyboard */,
				9523E8DC1F66D516000DC924 /* Info.plist */,
			);
			path = "VKDesign(11September)";
			sourceTree = "<group>";
		};
		956B69891F786395006B6364 /* Extensions */ = {
			isa = PBXGroup;
			children = (
				956B69871F78628E006B6364 /* ViewExtensions.swift */,
			);
			path = Extensions;
			sourceTree = "<group>";
		};
		95E6FB751F7950E90056C7F7 /* Models for InformationItem */ = {
			isa = PBXGroup;
			children = (
				95E6FB771F7951340056C7F7 /* Contacts.swift */,
				95E6FB791F79516A0056C7F7 /* MainInfo.swift */,
				95E6FB7B1F79518B0056C7F7 /* EducationalEstablishments.swift */,
				95E6FB7D1F7951A90056C7F7 /* MoreInfo.swift */,
			);
			path = "Models for InformationItem";
			sourceTree = "<group>";
		};
		95F610531F786654001F71A4 /* CustomCells */ = {
			isa = PBXGroup;
			children = (
				95215AE81F77D5AB00F1CABF /* MoreInfoTableViewCell.swift */,
				95215AE91F77D5AB00F1CABF /* MoreInfoTableViewCell.xib */,
				953E59501F77C8FE00418F1F /* GiftsTableViewCell.swift */,
				953E59511F77C8FE00418F1F /* GiftsTableViewCell.xib */,
				953E594C1F77170200418F1F /* EducationTableViewCell.swift */,
				953E594D1F77170200418F1F /* EducationTableViewCell.xib */,
				953E59471F76FF0000418F1F /* CarierTableViewCell.swift */,
				953E59481F76FF0000418F1F /* CarierTableViewCell.xib */,
				953E59431F76E0A600418F1F /* ContactsTableViewCell.swift */,
				953E59441F76E0A600418F1F /* ContactsTableViewCell.xib */,
				953E593B1F75510600418F1F /* StatusTableViewCell.swift */,
				953E593C1F75510600418F1F /* StatusTableViewCell.xib */,
				953E593F1F75A77E00418F1F /* MainInfoTableViewCell.swift */,
				953E59401F75A77E00418F1F /* MainInfoTableViewCell.xib */,
				95CC0C031F7014E900331F8A /* FollowerTableViewCell.xib */,
				95CC0C021F7014E900331F8A /* FollowerTableViewCell.swift */,
			);
			path = CustomCells;
			sourceTree = "<group>";
		};
		95F610541F786693001F71A4 /* ViewControllers */ = {
			isa = PBXGroup;
			children = (
				9523E8D21F66D516000DC924 /* ViewController.swift */,
				953E59391F7438EF00418F1F /* InformationAboutUserTableViewController.swift */,
				95CC0C001F7014A300331F8A /* FollowersTableViewController.swift */,
			);
			path = ViewControllers;
			sourceTree = "<group>";
		};
		95F610551F7866B7001F71A4 /* Models */ = {
			isa = PBXGroup;
			children = (
				95E6FB751F7950E90056C7F7 /* Models for InformationItem */,
				95F610581F786716001F71A4 /* InformationViewModelItem.swift */,
				954445AC1F786810000C1F5E /* InformationViewModelItemType.swift */,
				954445AE1F786836000C1F5E /* InformationViewModelStatusItem.swift */,
				954445B11F7868C8000C1F5E /* InformationViewModelMainInfoItem.swift */,
				954445B31F7868F9000C1F5E /* InformationViewModelContactsItem.swift */,
				954445B51F786930000C1F5E /* InformationViewModelCarierItem.swift */,
				954445B71F786956000C1F5E /* InformationViewModelEducationItem.swift */,
				954445B91F786987000C1F5E /* InformationViewModelGiftsItem.swift */,
				954445BB1F7869A4000C1F5E /* InformationViewModelMoreInfoItem.swift */,
			);
			path = Models;
			sourceTree = "<group>";
		};
/* End PBXGroup section */

/* Begin PBXNativeTarget section */
		9523E8CC1F66D516000DC924 /* VKDesign(11September) */ = {
			isa = PBXNativeTarget;
			buildConfigurationList = 9523E8DF1F66D516000DC924 /* Build configuration list for PBXNativeTarget "VKDesign(11September)" */;
			buildPhases = (
				9523E8C91F66D516000DC924 /* Sources */,
				9523E8CA1F66D516000DC924 /* Frameworks */,
				9523E8CB1F66D516000DC924 /* Resources */,
			);
			buildRules = (
			);
			dependencies = (
			);
			name = "VKDesign(11September)";
			productName = "VKDesign(11September)";
			productReference = 9523E8CD1F66D516000DC924 /* VKDesign(11September).app */;
			productType = "com.apple.product-type.application";
		};
/* End PBXNativeTarget section */

/* Begin PBXProject section */
		9523E8C51F66D516000DC924 /* Project object */ = {
			isa = PBXProject;
			attributes = {
				LastSwiftUpdateCheck = 0830;
				LastUpgradeCheck = 0830;
				ORGANIZATIONNAME = "blvvvck production";
				TargetAttributes = {
					9523E8CC1F66D516000DC924 = {
						CreatedOnToolsVersion = 8.3.1;
						DevelopmentTeam = 77843YCLH4;
						ProvisioningStyle = Automatic;
					};
				};
			};
			buildConfigurationList = 9523E8C81F66D516000DC924 /* Build configuration list for PBXProject "VKDesign(11September)" */;
			compatibilityVersion = "Xcode 3.2";
			developmentRegion = English;
			hasScannedForEncodings = 0;
			knownRegions = (
				en,
				Base,
			);
			mainGroup = 9523E8C41F66D516000DC924;
			productRefGroup = 9523E8CE1F66D516000DC924 /* Products */;
			projectDirPath = "";
			projectRoot = "";
			targets = (
				9523E8CC1F66D516000DC924 /* VKDesign(11September) */,
			);
		};
/* End PBXProject section */

/* Begin PBXResourcesBuildPhase section */
		9523E8CB1F66D516000DC924 /* Resources */ = {
			isa = PBXResourcesBuildPhase;
			buildActionMask = 2147483647;
			files = (
				953E59421F75A77E00418F1F /* MainInfoTableViewCell.xib in Resources */,
				953E594A1F76FF0000418F1F /* CarierTableViewCell.xib in Resources */,
				953E59461F76E0A600418F1F /* ContactsTableViewCell.xib in Resources */,
				9523E8DB1F66D516000DC924 /* LaunchScreen.storyboard in Resources */,
				953E593E1F75510600418F1F /* StatusTableViewCell.xib in Resources */,
				9523E8D81F66D516000DC924 /* Assets.xcassets in Resources */,
				9523E8D61F66D516000DC924 /* Main.storyboard in Resources */,
				95CC0C051F7014E900331F8A /* FollowerTableViewCell.xib in Resources */,
				95215AEB1F77D5AB00F1CABF /* MoreInfoTableViewCell.xib in Resources */,
				953E594F1F77170200418F1F /* EducationTableViewCell.xib in Resources */,
				953E59531F77C8FE00418F1F /* GiftsTableViewCell.xib in Resources */,
			);
			runOnlyForDeploymentPostprocessing = 0;
		};
/* End PBXResourcesBuildPhase section */

/* Begin PBXSourcesBuildPhase section */
		9523E8C91F66D516000DC924 /* Sources */ = {
			isa = PBXSourcesBuildPhase;
			buildActionMask = 2147483647;
			files = (
				953E59451F76E0A600418F1F /* ContactsTableViewCell.swift in Sources */,
				9523E8D31F66D516000DC924 /* ViewController.swift in Sources */,
				95E6FB7A1F79516A0056C7F7 /* MainInfo.swift in Sources */,
				95F610591F786716001F71A4 /* InformationViewModelItem.swift in Sources */,
				95E6FB7E1F7951A90056C7F7 /* MoreInfo.swift in Sources */,
				95E6FB781F7951340056C7F7 /* Contacts.swift in Sources */,
				95E6FB7C1F79518B0056C7F7 /* EducationalEstablishments.swift in Sources */,
				954445B81F786956000C1F5E /* InformationViewModelEducationItem.swift in Sources */,
				953E594E1F77170200418F1F /* EducationTableViewCell.swift in Sources */,
				954445AF1F786836000C1F5E /* InformationViewModelStatusItem.swift in Sources */,
				9523E8D11F66D516000DC924 /* AppDelegate.swift in Sources */,
				954445B61F786930000C1F5E /* InformationViewModelCarierItem.swift in Sources */,
				953E59491F76FF0000418F1F /* CarierTableViewCell.swift in Sources */,
				954445B41F7868F9000C1F5E /* InformationViewModelContactsItem.swift in Sources */,
				95CC0C011F7014A300331F8A /* FollowersTableViewController.swift in Sources */,
				953E593D1F75510600418F1F /* StatusTableViewCell.swift in Sources */,
				956B69881F78628E006B6364 /* ViewExtensions.swift in Sources */,
				954445B21F7868C8000C1F5E /* InformationViewModelMainInfoItem.swift in Sources */,
				954445AD1F786810000C1F5E /* InformationViewModelItemType.swift in Sources */,
				954445BC1F7869A4000C1F5E /* InformationViewModelMoreInfoItem.swift in Sources */,
				953E593A1F7438EF00418F1F /* InformationAboutUserTableViewController.swift in Sources */,
				95215AEA1F77D5AB00F1CABF /* MoreInfoTableViewCell.swift in Sources */,
				954445BA1F786987000C1F5E /* InformationViewModelGiftsItem.swift in Sources */,
				953E59411F75A77E00418F1F /* MainInfoTableViewCell.swift in Sources */,
				95CC0C041F7014E900331F8A /* FollowerTableViewCell.swift in Sources */,
				953E59521F77C8FE00418F1F /* GiftsTableViewCell.swift in Sources */,
			);
			runOnlyForDeploymentPostprocessing = 0;
		};
/* End PBXSourcesBuildPhase section */

/* Begin PBXVariantGroup section */
		9523E8D41F66D516000DC924 /* Main.storyboard */ = {
			isa = PBXVariantGroup;
			children = (
				9523E8D51F66D516000DC924 /* Base */,
			);
			name = Main.storyboard;
			sourceTree = "<group>";
		};
		9523E8D91F66D516000DC924 /* LaunchScreen.storyboard */ = {
			isa = PBXVariantGroup;
			children = (
				9523E8DA1F66D516000DC924 /* Base */,
			);
			name = LaunchScreen.storyboard;
			sourceTree = "<group>";
		};
/* End PBXVariantGroup section */

/* Begin XCBuildConfiguration section */
		9523E8DD1F66D516000DC924 /* Debug */ = {
			isa = XCBuildConfiguration;
			buildSettings = {
				ALWAYS_SEARCH_USER_PATHS = NO;
				CLANG_ANALYZER_NONNULL = YES;
				CLANG_ANALYZER_NUMBER_OBJECT_CONVERSION = YES_AGGRESSIVE;
				CLANG_CXX_LANGUAGE_STANDARD = "gnu++0x";
				CLANG_CXX_LIBRARY = "libc++";
				CLANG_ENABLE_MODULES = YES;
				CLANG_ENABLE_OBJC_ARC = YES;
				CLANG_WARN_BOOL_CONVERSION = YES;
				CLANG_WARN_CONSTANT_CONVERSION = YES;
				CLANG_WARN_DIRECT_OBJC_ISA_USAGE = YES_ERROR;
				CLANG_WARN_DOCUMENTATION_COMMENTS = YES;
				CLANG_WARN_EMPTY_BODY = YES;
				CLANG_WARN_ENUM_CONVERSION = YES;
				CLANG_WARN_INFINITE_RECURSION = YES;
				CLANG_WARN_INT_CONVERSION = YES;
				CLANG_WARN_OBJC_ROOT_CLASS = YES_ERROR;
				CLANG_WARN_SUSPICIOUS_MOVE = YES;
				CLANG_WARN_UNREACHABLE_CODE = YES;
				CLANG_WARN__DUPLICATE_METHOD_MATCH = YES;
				"CODE_SIGN_IDENTITY[sdk=iphoneos*]" = "iPhone Developer";
				COPY_PHASE_STRIP = NO;
				DEBUG_INFORMATION_FORMAT = dwarf;
				ENABLE_STRICT_OBJC_MSGSEND = YES;
				ENABLE_TESTABILITY = YES;
				GCC_C_LANGUAGE_STANDARD = gnu99;
				GCC_DYNAMIC_NO_PIC = NO;
				GCC_NO_COMMON_BLOCKS = YES;
				GCC_OPTIMIZATION_LEVEL = 0;
				GCC_PREPROCESSOR_DEFINITIONS = (
					"DEBUG=1",
					"$(inherited)",
				);
				GCC_WARN_64_TO_32_BIT_CONVERSION = YES;
				GCC_WARN_ABOUT_RETURN_TYPE = YES_ERROR;
				GCC_WARN_UNDECLARED_SELECTOR = YES;
				GCC_WARN_UNINITIALIZED_AUTOS = YES_AGGRESSIVE;
				GCC_WARN_UNUSED_FUNCTION = YES;
				GCC_WARN_UNUSED_VARIABLE = YES;
				IPHONEOS_DEPLOYMENT_TARGET = 10.3;
				MTL_ENABLE_DEBUG_INFO = YES;
				ONLY_ACTIVE_ARCH = YES;
				SDKROOT = iphoneos;
				SWIFT_ACTIVE_COMPILATION_CONDITIONS = DEBUG;
				SWIFT_OPTIMIZATION_LEVEL = "-Onone";
			};
			name = Debug;
		};
		9523E8DE1F66D516000DC924 /* Release */ = {
			isa = XCBuildConfiguration;
			buildSettings = {
				ALWAYS_SEARCH_USER_PATHS = NO;
				CLANG_ANALYZER_NONNULL = YES;
				CLANG_ANALYZER_NUMBER_OBJECT_CONVERSION = YES_AGGRESSIVE;
				CLANG_CXX_LANGUAGE_STANDARD = "gnu++0x";
				CLANG_CXX_LIBRARY = "libc++";
				CLANG_ENABLE_MODULES = YES;
				CLANG_ENABLE_OBJC_ARC = YES;
				CLANG_WARN_BOOL_CONVERSION = YES;
				CLANG_WARN_CONSTANT_CONVERSION = YES;
				CLANG_WARN_DIRECT_OBJC_ISA_USAGE = YES_ERROR;
				CLANG_WARN_DOCUMENTATION_COMMENTS = YES;
				CLANG_WARN_EMPTY_BODY = YES;
				CLANG_WARN_ENUM_CONVERSION = YES;
				CLANG_WARN_INFINITE_RECURSION = YES;
				CLANG_WARN_INT_CONVERSION = YES;
				CLANG_WARN_OBJC_ROOT_CLASS = YES_ERROR;
				CLANG_WARN_SUSPICIOUS_MOVE = YES;
				CLANG_WARN_UNREACHABLE_CODE = YES;
				CLANG_WARN__DUPLICATE_METHOD_MATCH = YES;
				"CODE_SIGN_IDENTITY[sdk=iphoneos*]" = "iPhone Developer";
				COPY_PHASE_STRIP = NO;
				DEBUG_INFORMATION_FORMAT = "dwarf-with-dsym";
				ENABLE_NS_ASSERTIONS = NO;
				ENABLE_STRICT_OBJC_MSGSEND = YES;
				GCC_C_LANGUAGE_STANDARD = gnu99;
				GCC_NO_COMMON_BLOCKS = YES;
				GCC_WARN_64_TO_32_BIT_CONVERSION = YES;
				GCC_WARN_ABOUT_RETURN_TYPE = YES_ERROR;
				GCC_WARN_UNDECLARED_SELECTOR = YES;
				GCC_WARN_UNINITIALIZED_AUTOS = YES_AGGRESSIVE;
				GCC_WARN_UNUSED_FUNCTION = YES;
				GCC_WARN_UNUSED_VARIABLE = YES;
				IPHONEOS_DEPLOYMENT_TARGET = 10.3;
				MTL_ENABLE_DEBUG_INFO = NO;
				SDKROOT = iphoneos;
				SWIFT_OPTIMIZATION_LEVEL = "-Owholemodule";
				VALIDATE_PRODUCT = YES;
			};
			name = Release;
		};
		9523E8E01F66D516000DC924 /* Debug */ = {
			isa = XCBuildConfiguration;
			buildSettings = {
				ASSETCATALOG_COMPILER_APPICON_NAME = AppIcon;
				DEVELOPMENT_TEAM = 77843YCLH4;
				INFOPLIST_FILE = "VKDesign(11September)/Info.plist";
				LD_RUNPATH_SEARCH_PATHS = "$(inherited) @executable_path/Frameworks";
				PRODUCT_BUNDLE_IDENTIFIER = "net.blvvvck.VKDesign-11September-";
				PRODUCT_NAME = "$(TARGET_NAME)";
				SWIFT_VERSION = 3.0;
			};
			name = Debug;
		};
		9523E8E11F66D516000DC924 /* Release */ = {
			isa = XCBuildConfiguration;
			buildSettings = {
				ASSETCATALOG_COMPILER_APPICON_NAME = AppIcon;
				DEVELOPMENT_TEAM = 77843YCLH4;
				INFOPLIST_FILE = "VKDesign(11September)/Info.plist";
				LD_RUNPATH_SEARCH_PATHS = "$(inherited) @executable_path/Frameworks";
				PRODUCT_BUNDLE_IDENTIFIER = "net.blvvvck.VKDesign-11September-";
				PRODUCT_NAME = "$(TARGET_NAME)";
				SWIFT_VERSION = 3.0;
			};
			name = Release;
		};
/* End XCBuildConfiguration section */

/* Begin XCConfigurationList section */
		9523E8C81F66D516000DC924 /* Build configuration list for PBXProject "VKDesign(11September)" */ = {
			isa = XCConfigurationList;
			buildConfigurations = (
				9523E8DD1F66D516000DC924 /* Debug */,
				9523E8DE1F66D516000DC924 /* Release */,
			);
			defaultConfigurationIsVisible = 0;
			defaultConfigurationName = Release;
		};
		9523E8DF1F66D516000DC924 /* Build configuration list for PBXNativeTarget "VKDesign(11September)" */ = {
			isa = XCConfigurationList;
			buildConfigurations = (
				9523E8E01F66D516000DC924 /* Debug */,
				9523E8E11F66D516000DC924 /* Release */,
			);
			defaultConfigurationIsVisible = 0;
			defaultConfigurationName = Release;
		};
/* End XCConfigurationList section */
	};
	rootObject = 9523E8C51F66D516000DC924 /* Project object */;
}
